
Microsoft Visual Studio Solution File, Format Version 12.00
# Visual Studio Version 17
VisualStudioVersion = 17.4.33110.190
MinimumVisualStudioVersion = 10.0.40219.1
Project("{FAE04EC0-301F-11D3-BF4B-00C04F79EFBC}") = "Counter_v1", "Counter_v1.csproj", "{05F65003-2B71-48C2-B3DF-D65DF93A1950}"
EndProject
Global
	GlobalSection(SolutionConfigurationPlatforms) = preSolution
		Debug|Any CPU = Debug|Any CPU
		Debug|x64 = Debug|x64
		Release|Any CPU = Release|Any CPU
		Release|x64 = Release|x64
		test|Any CPU = test|Any CPU
		test|x64 = test|x64
	EndGlobalSection
	GlobalSection(ProjectConfigurationPlatforms) = postSolution
		{05F65003-2B71-48C2-B3DF-D65DF93A1950}.Debug|Any CPU.ActiveCfg = Debug|Any CPU
		{05F65003-2B71-48C2-B3DF-D65DF93A1950}.Debug|Any CPU.Build.0 = Debug|Any CPU
		{05F65003-2B71-48C2-B3DF-D65DF93A1950}.Debug|x64.ActiveCfg = Debug|x64
		{05F65003-2B71-48C2-B3DF-D65DF93A1950}.Debug|x64.Build.0 = Debug|x64
		{05F65003-2B71-48C2-B3DF-D65DF93A1950}.Release|Any CPU.ActiveCfg = Debug|Any CPU
		{05F65003-2B71-48C2-B3DF-D65DF93A1950}.Release|Any CPU.Build.0 = Debug|Any CPU
		{05F65003-2B71-48C2-B3DF-D65DF93A1950}.Release|x64.ActiveCfg = Debug|x64
		{05F65003-2B71-48C2-B3DF-D65DF93A1950}.Release|x64.Build.0 = Debug|x64
		{05F65003-2B71-48C2-B3DF-D65DF93A1950}.test|Any CPU.ActiveCfg = test|Any CPU
		{05F65003-2B71-48C2-B3DF-D65DF93A1950}.test|Any CPU.Build.0 = test|Any CPU
		{05F65003-2B71-48C2-B3DF-D65DF93A1950}.test|x64.ActiveCfg = test|x64
		{05F65003-2B71-48C2-B3DF-D65DF93A1950}.test|x64.Build.0 = test|x64
	EndGlobalSection
	GlobalSection(SolutionProperties) = preSolution
		HideSolutionNode = FALSE
	EndGlobalSection
	GlobalSection(ExtensibilityGlobals) = postSolution
		SolutionGuid = {7B55B74B-528E-41FD-B43D-A59174F2DDD6}
	EndGlobalSection
EndGlobal
